
Microsoft Visual Studio Solution File, Format Version 12.00
# Visual Studio Version 17
VisualStudioVersion = 17.3.32811.315
MinimumVisualStudioVersion = 10.0.40219.1
Project("{2150E333-8FDC-42A3-9474-1A3956D46DE8}") = "frameworks", "frameworks", "{87C47287-544E-4731-BDE8-6B63305979EC}"
EndProject
Project("{9A19103F-16F7-4668-BE54-9A1E7A4F7556}") = "ecommerce.EFCore", "Common\ecommerce.EFCore\ecommerce.EFCore.csproj", "{ABC3D0DC-508B-42CF-9852-79F25687ABBC}"
EndProject
Project("{2150E333-8FDC-42A3-9474-1A3956D46DE8}") = "common", "common", "{D7AAFC62-E149-4748-8FBD-2525C291416E}"
EndProject
Project("{9A19103F-16F7-4668-BE54-9A1E7A4F7556}") = "ecommerce.Core", "Common\ecommerce.Core\ecommerce.Core.csproj", "{A16EAFEA-26CD-4E91-A971-0C0F6B07D84B}"
EndProject
Project("{2150E333-8FDC-42A3-9474-1A3956D46DE8}") = "presentation", "presentation", "{4F11E3FA-4641-433C-9A35-A1DE7E8A9EA9}"
EndProject
Project("{2150E333-8FDC-42A3-9474-1A3956D46DE8}") = "admin", "admin", "{7C673854-08B2-4C2D-9210-694423F706FE}"
EndProject
Project("{2150E333-8FDC-42A3-9474-1A3956D46DE8}") = "web", "web", "{9C863FE9-2499-4506-8C4D-6853E73704C5}"
EndProject
Project("{9A19103F-16F7-4668-BE54-9A1E7A4F7556}") = "ecommerce.Admin.Domain", "ecommerce.Admin.Services\ecommerce.Admin.Domain.csproj", "{9D4A99DB-A2FA-4A93-B0A4-80D68CC5703D}"
EndProject
Project("{2150E333-8FDC-42A3-9474-1A3956D46DE8}") = "libs", "libs", "{35B9D4ED-8631-4C1C-A4A5-F145156A659F}"
EndProject
Project("{2150E333-8FDC-42A3-9474-1A3956D46DE8}") = "admin", "admin", "{68DFA1FA-F0CC-41C5-8EAE-5C37321D9B8E}"
EndProject
Project("{2150E333-8FDC-42A3-9474-1A3956D46DE8}") = "Solution Items", "Solution Items", "{EE55336D-E720-41F6-BD0A-C7C5B297A937}"
	ProjectSection(SolutionItems) = preProject
		.editorconfig = .editorconfig
	EndProjectSection
EndProject
Project("{2150E333-8FDC-42A3-9474-1A3956D46DE8}") = "Payment", "Payment", "{973CDDC3-6193-43D3-B7BC-38475688D01B}"
EndProject
Project("{9A19103F-16F7-4668-BE54-9A1E7A4F7556}") = "ecommerce.Iyzico.Payment", "ecommerce.Iyzico.Payment\ecommerce.Iyzico.Payment.csproj", "{BD7644AE-B44F-4550-8094-8B2851D2D315}"
EndProject
Project("{2150E333-8FDC-42A3-9474-1A3956D46DE8}") = "Cargoes", "Cargoes", "{E924B471-98E5-4EBC-94C9-2EDFFB6CF672}"
EndProject
Project("{9A19103F-16F7-4668-BE54-9A1E7A4F7556}") = "ecommerce.Cargo.Sendeo", "ecommerce.Cargo.Sendeo\ecommerce.Cargo.Sendeo.csproj", "{8B2D3AE1-0690-48A9-A92F-6D0404493127}"
EndProject
Project("{9A19103F-16F7-4668-BE54-9A1E7A4F7556}") = "ecommerce.Cargo.Mng", "ecommerce.Cargo.Mng\ecommerce.Cargo.Mng.csproj", "{B1FAF660-E117-4554-A301-A66F6B40DB18}"
EndProject
Project("{9A19103F-16F7-4668-BE54-9A1E7A4F7556}") = "ecommerce.Domain.Shared", "Common\ecommerce.Domain.Shared\ecommerce.Domain.Shared.csproj", "{7C19652A-B065-417E-A7F2-8DCF7D9BF8DD}"
EndProject
Project("{9A19103F-16F7-4668-BE54-9A1E7A4F7556}") = "ecommerce.Cargo.Yurtici", "ecommerce.Cargo.Yurtici\ecommerce.Cargo.Yurtici.csproj", "{5D5AFCBE-AE41-4D54-9205-6AFCAE645FF6}"
EndProject
Project("{2150E333-8FDC-42A3-9474-1A3956D46DE8}") = "Other", "Other", "{76697538-6F36-4FE8-A458-6BFAA76D9A4D}"
EndProject
Project("{FAE04EC0-301F-11D3-BF4B-00C04F79EFBC}") = "ecommerce.Admin", "ecommerce.Admin\ecommerce.Admin.csproj", "{558337A4-FE99-4805-8D96-2CED919EBDF1}"
EndProject
Project("{2150E333-8FDC-42A3-9474-1A3956D46DE8}") = "Integrations", "Integrations", "{7B5D08EC-B311-4626-81E0-0E4EF188B49E}"
EndProject
Project("{FAE04EC0-301F-11D3-BF4B-00C04F79EFBC}") = "OtoIsmail", "OtoIsmail\OtoIsmail.csproj", "{449EF4C7-0E31-4675-870E-9AFF5DB570C8}"
EndProject
Project("{FAE04EC0-301F-11D3-BF4B-00C04F79EFBC}") = "ecommerce.Web", "ecommerce.Web\ecommerce.Web.csproj", "{0A97EDDF-3303-4A88-A474-C5DEA5D36224}"
EndProject
Project("{FAE04EC0-301F-11D3-BF4B-00C04F79EFBC}") = "Remar", "Remar\Remar.csproj", "{0C04805C-2CC3-42AB-80C1-E2B8F546AAB6}"
EndProject
Project("{FAE04EC0-301F-11D3-BF4B-00C04F79EFBC}") = "BasbugOto", "BasbugOto\BasbugOto.csproj", "{C57699F0-47BE-4265-AFE4-D084D6DCB1B6}"
EndProject
Project("{FAE04EC0-301F-11D3-BF4B-00C04F79EFBC}") = "Dega", "Dega\Dega.csproj", "{C202141C-2FF5-4DF0-9586-FAC5D66DD8E2}"
EndProject
Project("{2150E333-8FDC-42A3-9474-1A3956D46DE8}") = "web", "web", "{E38A6D74-4E09-4FBE-B838-3F2EEC1519B6}"
EndProject
Project("{FAE04EC0-301F-11D3-BF4B-00C04F79EFBC}") = "ecommerce.Web.Domain", "ecommerce.Web.Domain\ecommerce.Web.Domain.csproj", "{ED833568-CAF6-4E38-A1B8-251AA188E1E7}"
EndProject
Project("{FAE04EC0-301F-11D3-BF4B-00C04F79EFBC}") = "Otokoc", "Otokoc\Otokoc.csproj", "{32BC510F-8DAA-4551-AD36-2866AECB0F45}"
EndProject
Project("{FAE04EC0-301F-11D3-BF4B-00C04F79EFBC}") = "ImageDownload", "ImageDownload\ImageDownload.csproj", "{9AAF31AF-A72B-463C-83E9-C57E89939B4D}"
EndProject
Project("{FAE04EC0-301F-11D3-BF4B-00C04F79EFBC}") = "CurrencyAuto", "CurrencyAuto\CurrencyAuto.csproj", "{30B1CF55-954D-4274-A653-406A8B78D1B1}"
EndProject
Project("{2150E333-8FDC-42A3-9474-1A3956D46DE8}") = "product", "product", "{44835581-F9EB-4381-BC22-8A2CC6DE9B76}"
EndProject
Project("{FAE04EC0-301F-11D3-BF4B-00C04F79EFBC}") = "Dot.Integration", "Dot.Integration\Dot.Integration.csproj", "{F6B79E21-4F27-4EC9-B5C3-6A3CDC93D5BE}"
EndProject
Project("{FAE04EC0-301F-11D3-BF4B-00C04F79EFBC}") = "Telecom.Address", "Telecom.Address\Telecom.Address.csproj", "{2A007CE3-8A77-4140-9D1C-C6B61E46B062}"
EndProject
Project("{FAE04EC0-301F-11D3-BF4B-00C04F79EFBC}") = "ecommerce.Virtual.Pos", "ecommerce.Virtual.Pos\ecommerce.Virtual.Pos.csproj", "{67C3B437-BF68-4E91-A2BD-5CF5EA15F4D2}"
EndProject
Project("{FAE04EC0-301F-11D3-BF4B-00C04F79EFBC}") = "ecommerce.Payments", "ecommerce.Payments\ecommerce.Payments.csproj", "{AB640955-30A1-4CCE-9269-C3D11E9CE95B}"
EndProject
Global
	GlobalSection(SolutionConfigurationPlatforms) = preSolution
		Debug|Any CPU = Debug|Any CPU
		Debug|x64 = Debug|x64
		Debug|x86 = Debug|x86
		Release|Any CPU = Release|Any CPU
		Release|x64 = Release|x64
		Release|x86 = Release|x86
	EndGlobalSection
	GlobalSection(ProjectConfigurationPlatforms) = postSolution
		{ABC3D0DC-508B-42CF-9852-79F25687ABBC}.Debug|Any CPU.ActiveCfg = Debug|Any CPU
		{ABC3D0DC-508B-42CF-9852-79F25687ABBC}.Debug|Any CPU.Build.0 = Debug|Any CPU
		{ABC3D0DC-508B-42CF-9852-79F25687ABBC}.Debug|x64.ActiveCfg = Debug|Any CPU
		{ABC3D0DC-508B-42CF-9852-79F25687ABBC}.Debug|x64.Build.0 = Debug|Any CPU
		{ABC3D0DC-508B-42CF-9852-79F25687ABBC}.Debug|x86.ActiveCfg = Debug|Any CPU
		{ABC3D0DC-508B-42CF-9852-79F25687ABBC}.Debug|x86.Build.0 = Debug|Any CPU
		{ABC3D0DC-508B-42CF-9852-79F25687ABBC}.Release|Any CPU.ActiveCfg = Release|Any CPU
		{ABC3D0DC-508B-42CF-9852-79F25687ABBC}.Release|Any CPU.Build.0 = Release|Any CPU
		{ABC3D0DC-508B-42CF-9852-79F25687ABBC}.Release|x64.ActiveCfg = Release|Any CPU
		{ABC3D0DC-508B-42CF-9852-79F25687ABBC}.Release|x64.Build.0 = Release|Any CPU
		{ABC3D0DC-508B-42CF-9852-79F25687ABBC}.Release|x86.ActiveCfg = Release|Any CPU
		{ABC3D0DC-508B-42CF-9852-79F25687ABBC}.Release|x86.Build.0 = Release|Any CPU
		{A16EAFEA-26CD-4E91-A971-0C0F6B07D84B}.Debug|Any CPU.ActiveCfg = Debug|Any CPU
		{A16EAFEA-26CD-4E91-A971-0C0F6B07D84B}.Debug|Any CPU.Build.0 = Debug|Any CPU
		{A16EAFEA-26CD-4E91-A971-0C0F6B07D84B}.Debug|x64.ActiveCfg = Debug|Any CPU
		{A16EAFEA-26CD-4E91-A971-0C0F6B07D84B}.Debug|x64.Build.0 = Debug|Any CPU
		{A16EAFEA-26CD-4E91-A971-0C0F6B07D84B}.Debug|x86.ActiveCfg = Debug|Any CPU
		{A16EAFEA-26CD-4E91-A971-0C0F6B07D84B}.Debug|x86.Build.0 = Debug|Any CPU
		{A16EAFEA-26CD-4E91-A971-0C0F6B07D84B}.Release|Any CPU.ActiveCfg = Release|Any CPU
		{A16EAFEA-26CD-4E91-A971-0C0F6B07D84B}.Release|Any CPU.Build.0 = Release|Any CPU
		{A16EAFEA-26CD-4E91-A971-0C0F6B07D84B}.Release|x64.ActiveCfg = Release|Any CPU
		{A16EAFEA-26CD-4E91-A971-0C0F6B07D84B}.Release|x64.Build.0 = Release|Any CPU
		{A16EAFEA-26CD-4E91-A971-0C0F6B07D84B}.Release|x86.ActiveCfg = Release|Any CPU
		{A16EAFEA-26CD-4E91-A971-0C0F6B07D84B}.Release|x86.Build.0 = Release|Any CPU
		{9D4A99DB-A2FA-4A93-B0A4-80D68CC5703D}.Debug|Any CPU.ActiveCfg = Debug|Any CPU
		{9D4A99DB-A2FA-4A93-B0A4-80D68CC5703D}.Debug|Any CPU.Build.0 = Debug|Any CPU
		{9D4A99DB-A2FA-4A93-B0A4-80D68CC5703D}.Debug|x64.ActiveCfg = Debug|Any CPU
		{9D4A99DB-A2FA-4A93-B0A4-80D68CC5703D}.Debug|x64.Build.0 = Debug|Any CPU
		{9D4A99DB-A2FA-4A93-B0A4-80D68CC5703D}.Debug|x86.ActiveCfg = Debug|Any CPU
		{9D4A99DB-A2FA-4A93-B0A4-80D68CC5703D}.Debug|x86.Build.0 = Debug|Any CPU
		{9D4A99DB-A2FA-4A93-B0A4-80D68CC5703D}.Release|Any CPU.ActiveCfg = Release|Any CPU
		{9D4A99DB-A2FA-4A93-B0A4-80D68CC5703D}.Release|Any CPU.Build.0 = Release|Any CPU
		{9D4A99DB-A2FA-4A93-B0A4-80D68CC5703D}.Release|x64.ActiveCfg = Release|Any CPU
		{9D4A99DB-A2FA-4A93-B0A4-80D68CC5703D}.Release|x64.Build.0 = Release|Any CPU
		{9D4A99DB-A2FA-4A93-B0A4-80D68CC5703D}.Release|x86.ActiveCfg = Release|Any CPU
		{9D4A99DB-A2FA-4A93-B0A4-80D68CC5703D}.Release|x86.Build.0 = Release|Any CPU
		{BD7644AE-B44F-4550-8094-8B2851D2D315}.Debug|Any CPU.ActiveCfg = Debug|Any CPU
		{BD7644AE-B44F-4550-8094-8B2851D2D315}.Debug|Any CPU.Build.0 = Debug|Any CPU
		{BD7644AE-B44F-4550-8094-8B2851D2D315}.Debug|x64.ActiveCfg = Debug|Any CPU
		{BD7644AE-B44F-4550-8094-8B2851D2D315}.Debug|x64.Build.0 = Debug|Any CPU
		{BD7644AE-B44F-4550-8094-8B2851D2D315}.Debug|x86.ActiveCfg = Debug|Any CPU
		{BD7644AE-B44F-4550-8094-8B2851D2D315}.Debug|x86.Build.0 = Debug|Any CPU
		{BD7644AE-B44F-4550-8094-8B2851D2D315}.Release|Any CPU.ActiveCfg = Release|Any CPU
		{BD7644AE-B44F-4550-8094-8B2851D2D315}.Release|Any CPU.Build.0 = Release|Any CPU
		{BD7644AE-B44F-4550-8094-8B2851D2D315}.Release|x64.ActiveCfg = Release|Any CPU
		{BD7644AE-B44F-4550-8094-8B2851D2D315}.Release|x64.Build.0 = Release|Any CPU
		{BD7644AE-B44F-4550-8094-8B2851D2D315}.Release|x86.ActiveCfg = Release|Any CPU
		{BD7644AE-B44F-4550-8094-8B2851D2D315}.Release|x86.Build.0 = Release|Any CPU
		{8B2D3AE1-0690-48A9-A92F-6D0404493127}.Debug|Any CPU.ActiveCfg = Debug|Any CPU
		{8B2D3AE1-0690-48A9-A92F-6D0404493127}.Debug|Any CPU.Build.0 = Debug|Any CPU
		{8B2D3AE1-0690-48A9-A92F-6D0404493127}.Debug|x64.ActiveCfg = Debug|Any CPU
		{8B2D3AE1-0690-48A9-A92F-6D0404493127}.Debug|x64.Build.0 = Debug|Any CPU
		{8B2D3AE1-0690-48A9-A92F-6D0404493127}.Debug|x86.ActiveCfg = Debug|Any CPU
		{8B2D3AE1-0690-48A9-A92F-6D0404493127}.Debug|x86.Build.0 = Debug|Any CPU
		{8B2D3AE1-0690-48A9-A92F-6D0404493127}.Release|Any CPU.ActiveCfg = Release|Any CPU
		{8B2D3AE1-0690-48A9-A92F-6D0404493127}.Release|Any CPU.Build.0 = Release|Any CPU
		{8B2D3AE1-0690-48A9-A92F-6D0404493127}.Release|x64.ActiveCfg = Release|Any CPU
		{8B2D3AE1-0690-48A9-A92F-6D0404493127}.Release|x64.Build.0 = Release|Any CPU
		{8B2D3AE1-0690-48A9-A92F-6D0404493127}.Release|x86.ActiveCfg = Release|Any CPU
		{8B2D3AE1-0690-48A9-A92F-6D0404493127}.Release|x86.Build.0 = Release|Any CPU
		{B1FAF660-E117-4554-A301-A66F6B40DB18}.Debug|Any CPU.ActiveCfg = Debug|Any CPU
		{B1FAF660-E117-4554-A301-A66F6B40DB18}.Debug|Any CPU.Build.0 = Debug|Any CPU
		{B1FAF660-E117-4554-A301-A66F6B40DB18}.Debug|x64.ActiveCfg = Debug|Any CPU
		{B1FAF660-E117-4554-A301-A66F6B40DB18}.Debug|x64.Build.0 = Debug|Any CPU
		{B1FAF660-E117-4554-A301-A66F6B40DB18}.Debug|x86.ActiveCfg = Debug|Any CPU
		{B1FAF660-E117-4554-A301-A66F6B40DB18}.Debug|x86.Build.0 = Debug|Any CPU
		{B1FAF660-E117-4554-A301-A66F6B40DB18}.Release|Any CPU.ActiveCfg = Release|Any CPU
		{B1FAF660-E117-4554-A301-A66F6B40DB18}.Release|Any CPU.Build.0 = Release|Any CPU
		{B1FAF660-E117-4554-A301-A66F6B40DB18}.Release|x64.ActiveCfg = Release|Any CPU
		{B1FAF660-E117-4554-A301-A66F6B40DB18}.Release|x64.Build.0 = Release|Any CPU
		{B1FAF660-E117-4554-A301-A66F6B40DB18}.Release|x86.ActiveCfg = Release|Any CPU
		{B1FAF660-E117-4554-A301-A66F6B40DB18}.Release|x86.Build.0 = Release|Any CPU
		{7C19652A-B065-417E-A7F2-8DCF7D9BF8DD}.Debug|Any CPU.ActiveCfg = Debug|Any CPU
		{7C19652A-B065-417E-A7F2-8DCF7D9BF8DD}.Debug|Any CPU.Build.0 = Debug|Any CPU
		{7C19652A-B065-417E-A7F2-8DCF7D9BF8DD}.Debug|x64.ActiveCfg = Debug|Any CPU
		{7C19652A-B065-417E-A7F2-8DCF7D9BF8DD}.Debug|x64.Build.0 = Debug|Any CPU
		{7C19652A-B065-417E-A7F2-8DCF7D9BF8DD}.Debug|x86.ActiveCfg = Debug|Any CPU
		{7C19652A-B065-417E-A7F2-8DCF7D9BF8DD}.Debug|x86.Build.0 = Debug|Any CPU
		{7C19652A-B065-417E-A7F2-8DCF7D9BF8DD}.Release|Any CPU.ActiveCfg = Release|Any CPU
		{7C19652A-B065-417E-A7F2-8DCF7D9BF8DD}.Release|Any CPU.Build.0 = Release|Any CPU
		{7C19652A-B065-417E-A7F2-8DCF7D9BF8DD}.Release|x64.ActiveCfg = Release|Any CPU
		{7C19652A-B065-417E-A7F2-8DCF7D9BF8DD}.Release|x64.Build.0 = Release|Any CPU
		{7C19652A-B065-417E-A7F2-8DCF7D9BF8DD}.Release|x86.ActiveCfg = Release|Any CPU
		{7C19652A-B065-417E-A7F2-8DCF7D9BF8DD}.Release|x86.Build.0 = Release|Any CPU
		{5D5AFCBE-AE41-4D54-9205-6AFCAE645FF6}.Debug|Any CPU.ActiveCfg = Debug|Any CPU
		{5D5AFCBE-AE41-4D54-9205-6AFCAE645FF6}.Debug|Any CPU.Build.0 = Debug|Any CPU
		{5D5AFCBE-AE41-4D54-9205-6AFCAE645FF6}.Debug|x64.ActiveCfg = Debug|Any CPU
		{5D5AFCBE-AE41-4D54-9205-6AFCAE645FF6}.Debug|x64.Build.0 = Debug|Any CPU
		{5D5AFCBE-AE41-4D54-9205-6AFCAE645FF6}.Debug|x86.ActiveCfg = Debug|Any CPU
		{5D5AFCBE-AE41-4D54-9205-6AFCAE645FF6}.Debug|x86.Build.0 = Debug|Any CPU
		{5D5AFCBE-AE41-4D54-9205-6AFCAE645FF6}.Release|Any CPU.ActiveCfg = Release|Any CPU
		{5D5AFCBE-AE41-4D54-9205-6AFCAE645FF6}.Release|Any CPU.Build.0 = Release|Any CPU
		{5D5AFCBE-AE41-4D54-9205-6AFCAE645FF6}.Release|x64.ActiveCfg = Release|Any CPU
		{5D5AFCBE-AE41-4D54-9205-6AFCAE645FF6}.Release|x64.Build.0 = Release|Any CPU
		{5D5AFCBE-AE41-4D54-9205-6AFCAE645FF6}.Release|x86.ActiveCfg = Release|Any CPU
		{5D5AFCBE-AE41-4D54-9205-6AFCAE645FF6}.Release|x86.Build.0 = Release|Any CPU
		{558337A4-FE99-4805-8D96-2CED919EBDF1}.Debug|Any CPU.ActiveCfg = Debug|Any CPU
		{558337A4-FE99-4805-8D96-2CED919EBDF1}.Debug|Any CPU.Build.0 = Debug|Any CPU
		{558337A4-FE99-4805-8D96-2CED919EBDF1}.Debug|x64.ActiveCfg = Debug|Any CPU
		{558337A4-FE99-4805-8D96-2CED919EBDF1}.Debug|x64.Build.0 = Debug|Any CPU
		{558337A4-FE99-4805-8D96-2CED919EBDF1}.Debug|x86.ActiveCfg = Debug|Any CPU
		{558337A4-FE99-4805-8D96-2CED919EBDF1}.Debug|x86.Build.0 = Debug|Any CPU
		{558337A4-FE99-4805-8D96-2CED919EBDF1}.Release|Any CPU.ActiveCfg = Release|Any CPU
		{558337A4-FE99-4805-8D96-2CED919EBDF1}.Release|Any CPU.Build.0 = Release|Any CPU
		{558337A4-FE99-4805-8D96-2CED919EBDF1}.Release|x64.ActiveCfg = Release|Any CPU
		{558337A4-FE99-4805-8D96-2CED919EBDF1}.Release|x64.Build.0 = Release|Any CPU
		{558337A4-FE99-4805-8D96-2CED919EBDF1}.Release|x86.ActiveCfg = Release|Any CPU
		{558337A4-FE99-4805-8D96-2CED919EBDF1}.Release|x86.Build.0 = Release|Any CPU
		{449EF4C7-0E31-4675-870E-9AFF5DB570C8}.Debug|Any CPU.ActiveCfg = Debug|Any CPU
		{449EF4C7-0E31-4675-870E-9AFF5DB570C8}.Debug|Any CPU.Build.0 = Debug|Any CPU
		{449EF4C7-0E31-4675-870E-9AFF5DB570C8}.Debug|x64.ActiveCfg = Debug|Any CPU
		{449EF4C7-0E31-4675-870E-9AFF5DB570C8}.Debug|x64.Build.0 = Debug|Any CPU
		{449EF4C7-0E31-4675-870E-9AFF5DB570C8}.Debug|x86.ActiveCfg = Debug|Any CPU
		{449EF4C7-0E31-4675-870E-9AFF5DB570C8}.Debug|x86.Build.0 = Debug|Any CPU
		{449EF4C7-0E31-4675-870E-9AFF5DB570C8}.Release|Any CPU.ActiveCfg = Release|Any CPU
		{449EF4C7-0E31-4675-870E-9AFF5DB570C8}.Release|Any CPU.Build.0 = Release|Any CPU
		{449EF4C7-0E31-4675-870E-9AFF5DB570C8}.Release|x64.ActiveCfg = Release|Any CPU
		{449EF4C7-0E31-4675-870E-9AFF5DB570C8}.Release|x64.Build.0 = Release|Any CPU
		{449EF4C7-0E31-4675-870E-9AFF5DB570C8}.Release|x86.ActiveCfg = Release|Any CPU
		{449EF4C7-0E31-4675-870E-9AFF5DB570C8}.Release|x86.Build.0 = Release|Any CPU
		{0A97EDDF-3303-4A88-A474-C5DEA5D36224}.Debug|Any CPU.ActiveCfg = Debug|Any CPU
		{0A97EDDF-3303-4A88-A474-C5DEA5D36224}.Debug|Any CPU.Build.0 = Debug|Any CPU
		{0A97EDDF-3303-4A88-A474-C5DEA5D36224}.Debug|x64.ActiveCfg = Debug|Any CPU
		{0A97EDDF-3303-4A88-A474-C5DEA5D36224}.Debug|x64.Build.0 = Debug|Any CPU
		{0A97EDDF-3303-4A88-A474-C5DEA5D36224}.Debug|x86.ActiveCfg = Debug|Any CPU
		{0A97EDDF-3303-4A88-A474-C5DEA5D36224}.Debug|x86.Build.0 = Debug|Any CPU
		{0A97EDDF-3303-4A88-A474-C5DEA5D36224}.Release|Any CPU.ActiveCfg = Release|Any CPU
		{0A97EDDF-3303-4A88-A474-C5DEA5D36224}.Release|Any CPU.Build.0 = Release|Any CPU
		{0A97EDDF-3303-4A88-A474-C5DEA5D36224}.Release|x64.ActiveCfg = Release|Any CPU
		{0A97EDDF-3303-4A88-A474-C5DEA5D36224}.Release|x64.Build.0 = Release|Any CPU
		{0A97EDDF-3303-4A88-A474-C5DEA5D36224}.Release|x86.ActiveCfg = Release|Any CPU
		{0A97EDDF-3303-4A88-A474-C5DEA5D36224}.Release|x86.Build.0 = Release|Any CPU
		{0C04805C-2CC3-42AB-80C1-E2B8F546AAB6}.Debug|Any CPU.ActiveCfg = Debug|Any CPU
		{0C04805C-2CC3-42AB-80C1-E2B8F546AAB6}.Debug|Any CPU.Build.0 = Debug|Any CPU
		{0C04805C-2CC3-42AB-80C1-E2B8F546AAB6}.Debug|x64.ActiveCfg = Debug|Any CPU
		{0C04805C-2CC3-42AB-80C1-E2B8F546AAB6}.Debug|x64.Build.0 = Debug|Any CPU
		{0C04805C-2CC3-42AB-80C1-E2B8F546AAB6}.Debug|x86.ActiveCfg = Debug|Any CPU
		{0C04805C-2CC3-42AB-80C1-E2B8F546AAB6}.Debug|x86.Build.0 = Debug|Any CPU
		{0C04805C-2CC3-42AB-80C1-E2B8F546AAB6}.Release|Any CPU.ActiveCfg = Release|Any CPU
		{0C04805C-2CC3-42AB-80C1-E2B8F546AAB6}.Release|Any CPU.Build.0 = Release|Any CPU
		{0C04805C-2CC3-42AB-80C1-E2B8F546AAB6}.Release|x64.ActiveCfg = Release|Any CPU
		{0C04805C-2CC3-42AB-80C1-E2B8F546AAB6}.Release|x64.Build.0 = Release|Any CPU
		{0C04805C-2CC3-42AB-80C1-E2B8F546AAB6}.Release|x86.ActiveCfg = Release|Any CPU
		{0C04805C-2CC3-42AB-80C1-E2B8F546AAB6}.Release|x86.Build.0 = Release|Any CPU
		{C57699F0-47BE-4265-AFE4-D084D6DCB1B6}.Debug|Any CPU.ActiveCfg = Debug|Any CPU
		{C57699F0-47BE-4265-AFE4-D084D6DCB1B6}.Debug|Any CPU.Build.0 = Debug|Any CPU
		{C57699F0-47BE-4265-AFE4-D084D6DCB1B6}.Debug|x64.ActiveCfg = Debug|Any CPU
		{C57699F0-47BE-4265-AFE4-D084D6DCB1B6}.Debug|x64.Build.0 = Debug|Any CPU
		{C57699F0-47BE-4265-AFE4-D084D6DCB1B6}.Debug|x86.ActiveCfg = Debug|Any CPU
		{C57699F0-47BE-4265-AFE4-D084D6DCB1B6}.Debug|x86.Build.0 = Debug|Any CPU
		{C57699F0-47BE-4265-AFE4-D084D6DCB1B6}.Release|Any CPU.ActiveCfg = Release|Any CPU
		{C57699F0-47BE-4265-AFE4-D084D6DCB1B6}.Release|Any CPU.Build.0 = Release|Any CPU
		{C57699F0-47BE-4265-AFE4-D084D6DCB1B6}.Release|x64.ActiveCfg = Release|Any CPU
		{C57699F0-47BE-4265-AFE4-D084D6DCB1B6}.Release|x64.Build.0 = Release|Any CPU
		{C57699F0-47BE-4265-AFE4-D084D6DCB1B6}.Release|x86.ActiveCfg = Release|Any CPU
		{C57699F0-47BE-4265-AFE4-D084D6DCB1B6}.Release|x86.Build.0 = Release|Any CPU
		{C202141C-2FF5-4DF0-9586-FAC5D66DD8E2}.Debug|Any CPU.ActiveCfg = Debug|Any CPU
		{C202141C-2FF5-4DF0-9586-FAC5D66DD8E2}.Debug|Any CPU.Build.0 = Debug|Any CPU
		{C202141C-2FF5-4DF0-9586-FAC5D66DD8E2}.Debug|x64.ActiveCfg = Debug|Any CPU
		{C202141C-2FF5-4DF0-9586-FAC5D66DD8E2}.Debug|x64.Build.0 = Debug|Any CPU
		{C202141C-2FF5-4DF0-9586-FAC5D66DD8E2}.Debug|x86.ActiveCfg = Debug|Any CPU
		{C202141C-2FF5-4DF0-9586-FAC5D66DD8E2}.Debug|x86.Build.0 = Debug|Any CPU
		{C202141C-2FF5-4DF0-9586-FAC5D66DD8E2}.Release|Any CPU.ActiveCfg = Release|Any CPU
		{C202141C-2FF5-4DF0-9586-FAC5D66DD8E2}.Release|Any CPU.Build.0 = Release|Any CPU
		{C202141C-2FF5-4DF0-9586-FAC5D66DD8E2}.Release|x64.ActiveCfg = Release|Any CPU
		{C202141C-2FF5-4DF0-9586-FAC5D66DD8E2}.Release|x64.Build.0 = Release|Any CPU
		{C202141C-2FF5-4DF0-9586-FAC5D66DD8E2}.Release|x86.ActiveCfg = Release|Any CPU
		{C202141C-2FF5-4DF0-9586-FAC5D66DD8E2}.Release|x86.Build.0 = Release|Any CPU
		{ED833568-CAF6-4E38-A1B8-251AA188E1E7}.Debug|Any CPU.ActiveCfg = Debug|Any CPU
		{ED833568-CAF6-4E38-A1B8-251AA188E1E7}.Debug|Any CPU.Build.0 = Debug|Any CPU
		{ED833568-CAF6-4E38-A1B8-251AA188E1E7}.Debug|x64.ActiveCfg = Debug|Any CPU
		{ED833568-CAF6-4E38-A1B8-251AA188E1E7}.Debug|x64.Build.0 = Debug|Any CPU
		{ED833568-CAF6-4E38-A1B8-251AA188E1E7}.Debug|x86.ActiveCfg = Debug|Any CPU
		{ED833568-CAF6-4E38-A1B8-251AA188E1E7}.Debug|x86.Build.0 = Debug|Any CPU
		{ED833568-CAF6-4E38-A1B8-251AA188E1E7}.Release|Any CPU.ActiveCfg = Release|Any CPU
		{ED833568-CAF6-4E38-A1B8-251AA188E1E7}.Release|Any CPU.Build.0 = Release|Any CPU
		{ED833568-CAF6-4E38-A1B8-251AA188E1E7}.Release|x64.ActiveCfg = Release|Any CPU
		{ED833568-CAF6-4E38-A1B8-251AA188E1E7}.Release|x64.Build.0 = Release|Any CPU
		{ED833568-CAF6-4E38-A1B8-251AA188E1E7}.Release|x86.ActiveCfg = Release|Any CPU
		{ED833568-CAF6-4E38-A1B8-251AA188E1E7}.Release|x86.Build.0 = Release|Any CPU
		{32BC510F-8DAA-4551-AD36-2866AECB0F45}.Debug|Any CPU.ActiveCfg = Debug|Any CPU
		{32BC510F-8DAA-4551-AD36-2866AECB0F45}.Debug|Any CPU.Build.0 = Debug|Any CPU
		{32BC510F-8DAA-4551-AD36-2866AECB0F45}.Debug|x64.ActiveCfg = Debug|Any CPU
		{32BC510F-8DAA-4551-AD36-2866AECB0F45}.Debug|x64.Build.0 = Debug|Any CPU
		{32BC510F-8DAA-4551-AD36-2866AECB0F45}.Debug|x86.ActiveCfg = Debug|Any CPU
		{32BC510F-8DAA-4551-AD36-2866AECB0F45}.Debug|x86.Build.0 = Debug|Any CPU
		{32BC510F-8DAA-4551-AD36-2866AECB0F45}.Release|Any CPU.ActiveCfg = Release|Any CPU
		{32BC510F-8DAA-4551-AD36-2866AECB0F45}.Release|Any CPU.Build.0 = Release|Any CPU
		{32BC510F-8DAA-4551-AD36-2866AECB0F45}.Release|x64.ActiveCfg = Release|Any CPU
		{32BC510F-8DAA-4551-AD36-2866AECB0F45}.Release|x64.Build.0 = Release|Any CPU
		{32BC510F-8DAA-4551-AD36-2866AECB0F45}.Release|x86.ActiveCfg = Release|Any CPU
		{32BC510F-8DAA-4551-AD36-2866AECB0F45}.Release|x86.Build.0 = Release|Any CPU
		{9AAF31AF-A72B-463C-83E9-C57E89939B4D}.Debug|Any CPU.ActiveCfg = Debug|Any CPU
		{9AAF31AF-A72B-463C-83E9-C57E89939B4D}.Debug|Any CPU.Build.0 = Debug|Any CPU
		{9AAF31AF-A72B-463C-83E9-C57E89939B4D}.Debug|x64.ActiveCfg = Debug|Any CPU
		{9AAF31AF-A72B-463C-83E9-C57E89939B4D}.Debug|x64.Build.0 = Debug|Any CPU
		{9AAF31AF-A72B-463C-83E9-C57E89939B4D}.Debug|x86.ActiveCfg = Debug|Any CPU
		{9AAF31AF-A72B-463C-83E9-C57E89939B4D}.Debug|x86.Build.0 = Debug|Any CPU
		{9AAF31AF-A72B-463C-83E9-C57E89939B4D}.Release|Any CPU.ActiveCfg = Release|Any CPU
		{9AAF31AF-A72B-463C-83E9-C57E89939B4D}.Release|Any CPU.Build.0 = Release|Any CPU
		{9AAF31AF-A72B-463C-83E9-C57E89939B4D}.Release|x64.ActiveCfg = Release|Any CPU
		{9AAF31AF-A72B-463C-83E9-C57E89939B4D}.Release|x64.Build.0 = Release|Any CPU
		{9AAF31AF-A72B-463C-83E9-C57E89939B4D}.Release|x86.ActiveCfg = Release|Any CPU
		{9AAF31AF-A72B-463C-83E9-C57E89939B4D}.Release|x86.Build.0 = Release|Any CPU
		{30B1CF55-954D-4274-A653-406A8B78D1B1}.Debug|Any CPU.ActiveCfg = Debug|Any CPU
		{30B1CF55-954D-4274-A653-406A8B78D1B1}.Debug|Any CPU.Build.0 = Debug|Any CPU
		{30B1CF55-954D-4274-A653-406A8B78D1B1}.Debug|x64.ActiveCfg = Debug|Any CPU
		{30B1CF55-954D-4274-A653-406A8B78D1B1}.Debug|x64.Build.0 = Debug|Any CPU
		{30B1CF55-954D-4274-A653-406A8B78D1B1}.Debug|x86.ActiveCfg = Debug|Any CPU
		{30B1CF55-954D-4274-A653-406A8B78D1B1}.Debug|x86.Build.0 = Debug|Any CPU
		{30B1CF55-954D-4274-A653-406A8B78D1B1}.Release|Any CPU.ActiveCfg = Release|Any CPU
		{30B1CF55-954D-4274-A653-406A8B78D1B1}.Release|Any CPU.Build.0 = Release|Any CPU
		{30B1CF55-954D-4274-A653-406A8B78D1B1}.Release|x64.ActiveCfg = Release|Any CPU
		{30B1CF55-954D-4274-A653-406A8B78D1B1}.Release|x64.Build.0 = Release|Any CPU
		{30B1CF55-954D-4274-A653-406A8B78D1B1}.Release|x86.ActiveCfg = Release|Any CPU
		{30B1CF55-954D-4274-A653-406A8B78D1B1}.Release|x86.Build.0 = Release|Any CPU
		{F6B79E21-4F27-4EC9-B5C3-6A3CDC93D5BE}.Debug|Any CPU.ActiveCfg = Debug|Any CPU
		{F6B79E21-4F27-4EC9-B5C3-6A3CDC93D5BE}.Debug|Any CPU.Build.0 = Debug|Any CPU
		{F6B79E21-4F27-4EC9-B5C3-6A3CDC93D5BE}.Debug|x64.ActiveCfg = Debug|Any CPU
		{F6B79E21-4F27-4EC9-B5C3-6A3CDC93D5BE}.Debug|x64.Build.0 = Debug|Any CPU
		{F6B79E21-4F27-4EC9-B5C3-6A3CDC93D5BE}.Debug|x86.ActiveCfg = Debug|Any CPU
		{F6B79E21-4F27-4EC9-B5C3-6A3CDC93D5BE}.Debug|x86.Build.0 = Debug|Any CPU
		{F6B79E21-4F27-4EC9-B5C3-6A3CDC93D5BE}.Release|Any CPU.ActiveCfg = Release|Any CPU
		{F6B79E21-4F27-4EC9-B5C3-6A3CDC93D5BE}.Release|Any CPU.Build.0 = Release|Any CPU
		{F6B79E21-4F27-4EC9-B5C3-6A3CDC93D5BE}.Release|x64.ActiveCfg = Release|Any CPU
		{F6B79E21-4F27-4EC9-B5C3-6A3CDC93D5BE}.Release|x64.Build.0 = Release|Any CPU
		{F6B79E21-4F27-4EC9-B5C3-6A3CDC93D5BE}.Release|x86.ActiveCfg = Release|Any CPU
		{F6B79E21-4F27-4EC9-B5C3-6A3CDC93D5BE}.Release|x86.Build.0 = Release|Any CPU
		{2A007CE3-8A77-4140-9D1C-C6B61E46B062}.Debug|Any CPU.ActiveCfg = Debug|Any CPU
		{2A007CE3-8A77-4140-9D1C-C6B61E46B062}.Debug|Any CPU.Build.0 = Debug|Any CPU
		{2A007CE3-8A77-4140-9D1C-C6B61E46B062}.Debug|x64.ActiveCfg = Debug|Any CPU
		{2A007CE3-8A77-4140-9D1C-C6B61E46B062}.Debug|x64.Build.0 = Debug|Any CPU
		{2A007CE3-8A77-4140-9D1C-C6B61E46B062}.Debug|x86.ActiveCfg = Debug|Any CPU
		{2A007CE3-8A77-4140-9D1C-C6B61E46B062}.Debug|x86.Build.0 = Debug|Any CPU
		{2A007CE3-8A77-4140-9D1C-C6B61E46B062}.Release|Any CPU.ActiveCfg = Release|Any CPU
		{2A007CE3-8A77-4140-9D1C-C6B61E46B062}.Release|Any CPU.Build.0 = Release|Any CPU
		{2A007CE3-8A77-4140-9D1C-C6B61E46B062}.Release|x64.ActiveCfg = Release|Any CPU
		{2A007CE3-8A77-4140-9D1C-C6B61E46B062}.Release|x64.Build.0 = Release|Any CPU
		{2A007CE3-8A77-4140-9D1C-C6B61E46B062}.Release|x86.ActiveCfg = Release|Any CPU
		{2A007CE3-8A77-4140-9D1C-C6B61E46B062}.Release|x86.Build.0 = Release|Any CPU
		{67C3B437-BF68-4E91-A2BD-5CF5EA15F4D2}.Debug|Any CPU.ActiveCfg = Debug|Any CPU
		{67C3B437-BF68-4E91-A2BD-5CF5EA15F4D2}.Debug|Any CPU.Build.0 = Debug|Any CPU
		{67C3B437-BF68-4E91-A2BD-5CF5EA15F4D2}.Debug|x64.ActiveCfg = Debug|Any CPU
		{67C3B437-BF68-4E91-A2BD-5CF5EA15F4D2}.Debug|x64.Build.0 = Debug|Any CPU
		{67C3B437-BF68-4E91-A2BD-5CF5EA15F4D2}.Debug|x86.ActiveCfg = Debug|Any CPU
		{67C3B437-BF68-4E91-A2BD-5CF5EA15F4D2}.Debug|x86.Build.0 = Debug|Any CPU
		{67C3B437-BF68-4E91-A2BD-5CF5EA15F4D2}.Release|Any CPU.ActiveCfg = Release|Any CPU
		{67C3B437-BF68-4E91-A2BD-5CF5EA15F4D2}.Release|Any CPU.Build.0 = Release|Any CPU
		{67C3B437-BF68-4E91-A2BD-5CF5EA15F4D2}.Release|x64.ActiveCfg = Release|Any CPU
		{67C3B437-BF68-4E91-A2BD-5CF5EA15F4D2}.Release|x64.Build.0 = Release|Any CPU
		{67C3B437-BF68-4E91-A2BD-5CF5EA15F4D2}.Release|x86.ActiveCfg = Release|Any CPU
		{67C3B437-BF68-4E91-A2BD-5CF5EA15F4D2}.Release|x86.Build.0 = Release|Any CPU
		{AB640955-30A1-4CCE-9269-C3D11E9CE95B}.Debug|Any CPU.ActiveCfg = Debug|Any CPU
		{AB640955-30A1-4CCE-9269-C3D11E9CE95B}.Debug|Any CPU.Build.0 = Debug|Any CPU
		{AB640955-30A1-4CCE-9269-C3D11E9CE95B}.Debug|x64.ActiveCfg = Debug|Any CPU
		{AB640955-30A1-4CCE-9269-C3D11E9CE95B}.Debug|x64.Build.0 = Debug|Any CPU
		{AB640955-30A1-4CCE-9269-C3D11E9CE95B}.Debug|x86.ActiveCfg = Debug|Any CPU
		{AB640955-30A1-4CCE-9269-C3D11E9CE95B}.Debug|x86.Build.0 = Debug|Any CPU
		{AB640955-30A1-4CCE-9269-C3D11E9CE95B}.Release|Any CPU.ActiveCfg = Release|Any CPU
		{AB640955-30A1-4CCE-9269-C3D11E9CE95B}.Release|Any CPU.Build.0 = Release|Any CPU
		{AB640955-30A1-4CCE-9269-C3D11E9CE95B}.Release|x64.ActiveCfg = Release|Any CPU
		{AB640955-30A1-4CCE-9269-C3D11E9CE95B}.Release|x64.Build.0 = Release|Any CPU
		{AB640955-30A1-4CCE-9269-C3D11E9CE95B}.Release|x86.ActiveCfg = Release|Any CPU
		{AB640955-30A1-4CCE-9269-C3D11E9CE95B}.Release|x86.Build.0 = Release|Any CPU
	EndGlobalSection
	GlobalSection(SolutionProperties) = preSolution
		HideSolutionNode = FALSE
	EndGlobalSection
	GlobalSection(NestedProjects) = preSolution
		{ABC3D0DC-508B-42CF-9852-79F25687ABBC} = {87C47287-544E-4731-BDE8-6B63305979EC}
		{A16EAFEA-26CD-4E91-A971-0C0F6B07D84B} = {D7AAFC62-E149-4748-8FBD-2525C291416E}
		{7C673854-08B2-4C2D-9210-694423F706FE} = {4F11E3FA-4641-433C-9A35-A1DE7E8A9EA9}
		{9C863FE9-2499-4506-8C4D-6853E73704C5} = {4F11E3FA-4641-433C-9A35-A1DE7E8A9EA9}
		{9D4A99DB-A2FA-4A93-B0A4-80D68CC5703D} = {68DFA1FA-F0CC-41C5-8EAE-5C37321D9B8E}
		{68DFA1FA-F0CC-41C5-8EAE-5C37321D9B8E} = {35B9D4ED-8631-4C1C-A4A5-F145156A659F}
		{973CDDC3-6193-43D3-B7BC-38475688D01B} = {35B9D4ED-8631-4C1C-A4A5-F145156A659F}
		{BD7644AE-B44F-4550-8094-8B2851D2D315} = {973CDDC3-6193-43D3-B7BC-38475688D01B}
		{E924B471-98E5-4EBC-94C9-2EDFFB6CF672} = {35B9D4ED-8631-4C1C-A4A5-F145156A659F}
		{8B2D3AE1-0690-48A9-A92F-6D0404493127} = {E924B471-98E5-4EBC-94C9-2EDFFB6CF672}
		{B1FAF660-E117-4554-A301-A66F6B40DB18} = {E924B471-98E5-4EBC-94C9-2EDFFB6CF672}
		{7C19652A-B065-417E-A7F2-8DCF7D9BF8DD} = {D7AAFC62-E149-4748-8FBD-2525C291416E}
		{5D5AFCBE-AE41-4D54-9205-6AFCAE645FF6} = {E924B471-98E5-4EBC-94C9-2EDFFB6CF672}
		{76697538-6F36-4FE8-A458-6BFAA76D9A4D} = {35B9D4ED-8631-4C1C-A4A5-F145156A659F}
		{558337A4-FE99-4805-8D96-2CED919EBDF1} = {7C673854-08B2-4C2D-9210-694423F706FE}
		{7B5D08EC-B311-4626-81E0-0E4EF188B49E} = {35B9D4ED-8631-4C1C-A4A5-F145156A659F}
		{449EF4C7-0E31-4675-870E-9AFF5DB570C8} = {7B5D08EC-B311-4626-81E0-0E4EF188B49E}
		{0A97EDDF-3303-4A88-A474-C5DEA5D36224} = {9C863FE9-2499-4506-8C4D-6853E73704C5}
		{0C04805C-2CC3-42AB-80C1-E2B8F546AAB6} = {7B5D08EC-B311-4626-81E0-0E4EF188B49E}
		{C57699F0-47BE-4265-AFE4-D084D6DCB1B6} = {7B5D08EC-B311-4626-81E0-0E4EF188B49E}
		{C202141C-2FF5-4DF0-9586-FAC5D66DD8E2} = {7B5D08EC-B311-4626-81E0-0E4EF188B49E}
		{E38A6D74-4E09-4FBE-B838-3F2EEC1519B6} = {35B9D4ED-8631-4C1C-A4A5-F145156A659F}
		{ED833568-CAF6-4E38-A1B8-251AA188E1E7} = {E38A6D74-4E09-4FBE-B838-3F2EEC1519B6}
		{32BC510F-8DAA-4551-AD36-2866AECB0F45} = {7B5D08EC-B311-4626-81E0-0E4EF188B49E}
		{9AAF31AF-A72B-463C-83E9-C57E89939B4D} = {7B5D08EC-B311-4626-81E0-0E4EF188B49E}
		{30B1CF55-954D-4274-A653-406A8B78D1B1} = {7B5D08EC-B311-4626-81E0-0E4EF188B49E}
		{44835581-F9EB-4381-BC22-8A2CC6DE9B76} = {35B9D4ED-8631-4C1C-A4A5-F145156A659F}
		{F6B79E21-4F27-4EC9-B5C3-6A3CDC93D5BE} = {44835581-F9EB-4381-BC22-8A2CC6DE9B76}
		{2A007CE3-8A77-4140-9D1C-C6B61E46B062} = {76697538-6F36-4FE8-A458-6BFAA76D9A4D}
		{67C3B437-BF68-4E91-A2BD-5CF5EA15F4D2} = {973CDDC3-6193-43D3-B7BC-38475688D01B}
	EndGlobalSection
	GlobalSection(ExtensibilityGlobals) = postSolution
		SolutionGuid = {BFC47B3E-20C9-4230-8C7E-52B6749FFAFE}
	EndGlobalSection
EndGlobal
